
Microsoft Visual Studio Solution File, Format Version 12.00
Project("{FAE04EC0-301F-11D3-BF4B-00C04F79EFBC}") = "BetrayalAtKrondor", "BetrayalAtKrondor\BetrayalAtKrondor.csproj", "{35A28250-6B40-483C-994D-40CB1D890AED}"
EndProject
Project("{FAE04EC0-301F-11D3-BF4B-00C04F79EFBC}") = "Spice86", "..\Spice86\src\Spice86\Spice86.csproj", "{302A6D19-FAB3-4107-81A3-64C4C41FACE9}"
EndProject
Project("{FAE04EC0-301F-11D3-BF4B-00C04F79EFBC}") = "Spice86.Core", "..\Spice86\src\Spice86.Core\Spice86.Core.csproj", "{16024BE2-0338-45B1-8ECC-2428B8BCFF3D}"
EndProject
Project("{FAE04EC0-301F-11D3-BF4B-00C04F79EFBC}") = "Spice86.Logging", "..\Spice86\src\Spice86.Logging\Spice86.Logging.csproj", "{5E879107-49DA-4612-97A5-CFA94D6154D3}"
EndProject
Project("{FAE04EC0-301F-11D3-BF4B-00C04F79EFBC}") = "Spice86.Shared", "..\Spice86\src\Spice86.Shared\Spice86.Shared.csproj", "{D5437F7D-63A3-4A7D-A12A-E1DBD785921D}"
EndProject
Project("{2150E333-8FDC-42A3-9474-1A3956D46DE8}") = "Spice86", "Spice86", "{E8E5F190-7CB5-415A-9C6E-3C99309CA67B}"
EndProject
Project("{FAE04EC0-301F-11D3-BF4B-00C04F79EFBC}") = "Spice86.Storage.Cd", "..\Spice86\src\Spice86.Storage.Cd\Spice86.Storage.Cd.csproj", "{E01C48BC-9755-4771-887F-F94DF6FA7B39}"
EndProject
Project("{FAE04EC0-301F-11D3-BF4B-00C04F79EFBC}") = "Spice86.Storage.Fat", "..\Spice86\src\Spice86.Storage.Fat\Spice86.Storage.Fat.csproj", "{B4777D2F-1963-4937-B293-4070ED44AF16}"
EndProject
Project("{FAE04EC0-301F-11D3-BF4B-00C04F79EFBC}") = "BetrayalAtKrondor.OverrideTests", "BetrayalAtKrondor.OverrideTests\BetrayalAtKrondor.OverrideTests.csproj", "{0A658410-8B34-4017-B025-E6DE43583418}"
EndProject
Project("{2150E333-8FDC-42A3-9474-1A3956D46DE8}") = "shared", "shared", "{4F52FD11-658E-A102-6CD3-7D7C16FFA15B}"
EndProject
Project("{FAE04EC0-301F-11D3-BF4B-00C04F79EFBC}") = "GameData", "..\..\bakagain\src\GameData\GameData.csproj", "{23A424DB-5473-44D9-B805-15817F105FAD}"
EndProject
Project("{FAE04EC0-301F-11D3-BF4B-00C04F79EFBC}") = "ResourceExtraction", "..\..\bakagain\src\ResourceExtraction\ResourceExtraction.csproj", "{2CB70450-6743-438F-9298-5CC563039B12}"
EndProject
Global
	GlobalSection(SolutionConfigurationPlatforms) = preSolution
		Debug|Any CPU = Debug|Any CPU
		Debug|x64 = Debug|x64
		Debug|x86 = Debug|x86
		Release|Any CPU = Release|Any CPU
		Release|x64 = Release|x64
		Release|x86 = Release|x86
		Unity|Any CPU = Unity|Any CPU
		Unity|x64 = Unity|x64
		Unity|x86 = Unity|x86
	EndGlobalSection
	GlobalSection(ProjectConfigurationPlatforms) = postSolution
		{35A28250-6B40-483C-994D-40CB1D890AED}.Debug|Any CPU.ActiveCfg = Debug|Any CPU
		{35A28250-6B40-483C-994D-40CB1D890AED}.Debug|Any CPU.Build.0 = Debug|Any CPU
		{35A28250-6B40-483C-994D-40CB1D890AED}.Debug|x64.ActiveCfg = Debug|Any CPU
		{35A28250-6B40-483C-994D-40CB1D890AED}.Debug|x64.Build.0 = Debug|Any CPU
		{35A28250-6B40-483C-994D-40CB1D890AED}.Debug|x86.ActiveCfg = Debug|Any CPU
		{35A28250-6B40-483C-994D-40CB1D890AED}.Debug|x86.Build.0 = Debug|Any CPU
		{35A28250-6B40-483C-994D-40CB1D890AED}.Release|Any CPU.ActiveCfg = Release|Any CPU
		{35A28250-6B40-483C-994D-40CB1D890AED}.Release|Any CPU.Build.0 = Release|Any CPU
		{35A28250-6B40-483C-994D-40CB1D890AED}.Release|x64.ActiveCfg = Release|Any CPU
		{35A28250-6B40-483C-994D-40CB1D890AED}.Release|x64.Build.0 = Release|Any CPU
		{35A28250-6B40-483C-994D-40CB1D890AED}.Release|x86.ActiveCfg = Release|Any CPU
		{35A28250-6B40-483C-994D-40CB1D890AED}.Release|x86.Build.0 = Release|Any CPU
		{35A28250-6B40-483C-994D-40CB1D890AED}.Unity|x64.ActiveCfg = Unity|Any CPU
		{35A28250-6B40-483C-994D-40CB1D890AED}.Unity|x64.Build.0 = Unity|Any CPU
		{35A28250-6B40-483C-994D-40CB1D890AED}.Unity|x86.ActiveCfg = Unity|Any CPU
		{35A28250-6B40-483C-994D-40CB1D890AED}.Unity|x86.Build.0 = Unity|Any CPU
		{302A6D19-FAB3-4107-81A3-64C4C41FACE9}.Debug|Any CPU.ActiveCfg = Release|Any CPU
		{302A6D19-FAB3-4107-81A3-64C4C41FACE9}.Debug|Any CPU.Build.0 = Release|Any CPU
		{302A6D19-FAB3-4107-81A3-64C4C41FACE9}.Debug|x64.ActiveCfg = Debug|Any CPU
		{302A6D19-FAB3-4107-81A3-64C4C41FACE9}.Debug|x64.Build.0 = Debug|Any CPU
		{302A6D19-FAB3-4107-81A3-64C4C41FACE9}.Debug|x86.ActiveCfg = Debug|Any CPU
		{302A6D19-FAB3-4107-81A3-64C4C41FACE9}.Debug|x86.Build.0 = Debug|Any CPU
		{302A6D19-FAB3-4107-81A3-64C4C41FACE9}.Release|Any CPU.ActiveCfg = Release|Any CPU
		{302A6D19-FAB3-4107-81A3-64C4C41FACE9}.Release|Any CPU.Build.0 = Release|Any CPU
		{302A6D19-FAB3-4107-81A3-64C4C41FACE9}.Release|x64.ActiveCfg = Release|Any CPU
		{302A6D19-FAB3-4107-81A3-64C4C41FACE9}.Release|x64.Build.0 = Release|Any CPU
		{302A6D19-FAB3-4107-81A3-64C4C41FACE9}.Release|x86.ActiveCfg = Release|Any CPU
		{302A6D19-FAB3-4107-81A3-64C4C41FACE9}.Release|x86.Build.0 = Release|Any CPU
		{302A6D19-FAB3-4107-81A3-64C4C41FACE9}.Unity|Any CPU.ActiveCfg = Debug|Any CPU
		{302A6D19-FAB3-4107-81A3-64C4C41FACE9}.Unity|Any CPU.Build.0 = Debug|Any CPU
		{302A6D19-FAB3-4107-81A3-64C4C41FACE9}.Unity|x64.ActiveCfg = Unity|Any CPU
		{302A6D19-FAB3-4107-81A3-64C4C41FACE9}.Unity|x64.Build.0 = Unity|Any CPU
		{302A6D19-FAB3-4107-81A3-64C4C41FACE9}.Unity|x86.ActiveCfg = Unity|Any CPU
		{302A6D19-FAB3-4107-81A3-64C4C41FACE9}.Unity|x86.Build.0 = Unity|Any CPU
		{16024BE2-0338-45B1-8ECC-2428B8BCFF3D}.Debug|Any CPU.ActiveCfg = Release|Any CPU
		{16024BE2-0338-45B1-8ECC-2428B8BCFF3D}.Debug|Any CPU.Build.0 = Release|Any CPU
		{16024BE2-0338-45B1-8ECC-2428B8BCFF3D}.Debug|x64.ActiveCfg = Debug|Any CPU
		{16024BE2-0338-45B1-8ECC-2428B8BCFF3D}.Debug|x64.Build.0 = Debug|Any CPU
		{16024BE2-0338-45B1-8ECC-2428B8BCFF3D}.Debug|x86.ActiveCfg = Debug|Any CPU
		{16024BE2-0338-45B1-8ECC-2428B8BCFF3D}.Debug|x86.Build.0 = Debug|Any CPU
		{16024BE2-0338-45B1-8ECC-2428B8BCFF3D}.Release|Any CPU.ActiveCfg = Release|Any CPU
		{16024BE2-0338-45B1-8ECC-2428B8BCFF3D}.Release|Any CPU.Build.0 = Release|Any CPU
		{16024BE2-0338-45B1-8ECC-2428B8BCFF3D}.Release|x64.ActiveCfg = Release|Any CPU
		{16024BE2-0338-45B1-8ECC-2428B8BCFF3D}.Release|x64.Build.0 = Release|Any CPU
		{16024BE2-0338-45B1-8ECC-2428B8BCFF3D}.Release|x86.ActiveCfg = Release|Any CPU
		{16024BE2-0338-45B1-8ECC-2428B8BCFF3D}.Release|x86.Build.0 = Release|Any CPU
		{16024BE2-0338-45B1-8ECC-2428B8BCFF3D}.Unity|Any CPU.ActiveCfg = Debug|Any CPU
		{16024BE2-0338-45B1-8ECC-2428B8BCFF3D}.Unity|Any CPU.Build.0 = Debug|Any CPU
		{16024BE2-0338-45B1-8ECC-2428B8BCFF3D}.Unity|x64.ActiveCfg = Unity|Any CPU
		{16024BE2-0338-45B1-8ECC-2428B8BCFF3D}.Unity|x64.Build.0 = Unity|Any CPU
		{16024BE2-0338-45B1-8ECC-2428B8BCFF3D}.Unity|x86.ActiveCfg = Unity|Any CPU
		{16024BE2-0338-45B1-8ECC-2428B8BCFF3D}.Unity|x86.Build.0 = Unity|Any CPU
		{5E879107-49DA-4612-97A5-CFA94D6154D3}.Debug|Any CPU.ActiveCfg = Release|Any CPU
		{5E879107-49DA-4612-97A5-CFA94D6154D3}.Debug|Any CPU.Build.0 = Release|Any CPU
		{5E879107-49DA-4612-97A5-CFA94D6154D3}.Debug|x64.ActiveCfg = Debug|Any CPU
		{5E879107-49DA-4612-97A5-CFA94D6154D3}.Debug|x64.Build.0 = Debug|Any CPU
		{5E879107-49DA-4612-97A5-CFA94D6154D3}.Debug|x86.ActiveCfg = Debug|Any CPU
		{5E879107-49DA-4612-97A5-CFA94D6154D3}.Debug|x86.Build.0 = Debug|Any CPU
		{5E879107-49DA-4612-97A5-CFA94D6154D3}.Release|Any CPU.ActiveCfg = Release|Any CPU
		{5E879107-49DA-4612-97A5-CFA94D6154D3}.Release|Any CPU.Build.0 = Release|Any CPU
		{5E879107-49DA-4612-97A5-CFA94D6154D3}.Release|x64.ActiveCfg = Release|Any CPU
		{5E879107-49DA-4612-97A5-CFA94D6154D3}.Release|x64.Build.0 = Release|Any CPU
		{5E879107-49DA-4612-97A5-CFA94D6154D3}.Release|x86.ActiveCfg = Release|Any CPU
		{5E879107-49DA-4612-97A5-CFA94D6154D3}.Release|x86.Build.0 = Release|Any CPU
		{5E879107-49DA-4612-97A5-CFA94D6154D3}.Unity|Any CPU.ActiveCfg = Debug|Any CPU
		{5E879107-49DA-4612-97A5-CFA94D6154D3}.Unity|Any CPU.Build.0 = Debug|Any CPU
		{5E879107-49DA-4612-97A5-CFA94D6154D3}.Unity|x64.ActiveCfg = Unity|Any CPU
		{5E879107-49DA-4612-97A5-CFA94D6154D3}.Unity|x64.Build.0 = Unity|Any CPU
		{5E879107-49DA-4612-97A5-CFA94D6154D3}.Unity|x86.ActiveCfg = Unity|Any CPU
		{5E879107-49DA-4612-97A5-CFA94D6154D3}.Unity|x86.Build.0 = Unity|Any CPU
		{D5437F7D-63A3-4A7D-A12A-E1DBD785921D}.Debug|Any CPU.ActiveCfg = Release|Any CPU
		{D5437F7D-63A3-4A7D-A12A-E1DBD785921D}.Debug|Any CPU.Build.0 = Release|Any CPU
		{D5437F7D-63A3-4A7D-A12A-E1DBD785921D}.Debug|x64.ActiveCfg = Debug|Any CPU
		{D5437F7D-63A3-4A7D-A12A-E1DBD785921D}.Debug|x64.Build.0 = Debug|Any CPU
		{D5437F7D-63A3-4A7D-A12A-E1DBD785921D}.Debug|x86.ActiveCfg = Debug|Any CPU
		{D5437F7D-63A3-4A7D-A12A-E1DBD785921D}.Debug|x86.Build.0 = Debug|Any CPU
		{D5437F7D-63A3-4A7D-A12A-E1DBD785921D}.Release|Any CPU.ActiveCfg = Release|Any CPU
		{D5437F7D-63A3-4A7D-A12A-E1DBD785921D}.Release|Any CPU.Build.0 = Release|Any CPU
		{D5437F7D-63A3-4A7D-A12A-E1DBD785921D}.Release|x64.ActiveCfg = Release|Any CPU
		{D5437F7D-63A3-4A7D-A12A-E1DBD785921D}.Release|x64.Build.0 = Release|Any CPU
		{D5437F7D-63A3-4A7D-A12A-E1DBD785921D}.Release|x86.ActiveCfg = Release|Any CPU
		{D5437F7D-63A3-4A7D-A12A-E1DBD785921D}.Release|x86.Build.0 = Release|Any CPU
		{D5437F7D-63A3-4A7D-A12A-E1DBD785921D}.Unity|Any CPU.ActiveCfg = Debug|Any CPU
		{D5437F7D-63A3-4A7D-A12A-E1DBD785921D}.Unity|Any CPU.Build.0 = Debug|Any CPU
		{D5437F7D-63A3-4A7D-A12A-E1DBD785921D}.Unity|x64.ActiveCfg = Unity|Any CPU
		{D5437F7D-63A3-4A7D-A12A-E1DBD785921D}.Unity|x64.Build.0 = Unity|Any CPU
		{D5437F7D-63A3-4A7D-A12A-E1DBD785921D}.Unity|x86.ActiveCfg = Unity|Any CPU
		{D5437F7D-63A3-4A7D-A12A-E1DBD785921D}.Unity|x86.Build.0 = Unity|Any CPU
		{E01C48BC-9755-4771-887F-F94DF6FA7B39}.Debug|Any CPU.ActiveCfg = Debug|Any CPU
		{E01C48BC-9755-4771-887F-F94DF6FA7B39}.Debug|Any CPU.Build.0 = Debug|Any CPU
		{E01C48BC-9755-4771-887F-F94DF6FA7B39}.Debug|x64.ActiveCfg = Debug|Any CPU
		{E01C48BC-9755-4771-887F-F94DF6FA7B39}.Debug|x64.Build.0 = Debug|Any CPU
		{E01C48BC-9755-4771-887F-F94DF6FA7B39}.Debug|x86.ActiveCfg = Debug|Any CPU
		{E01C48BC-9755-4771-887F-F94DF6FA7B39}.Debug|x86.Build.0 = Debug|Any CPU
		{E01C48BC-9755-4771-887F-F94DF6FA7B39}.Release|Any CPU.ActiveCfg = Release|Any CPU
		{E01C48BC-9755-4771-887F-F94DF6FA7B39}.Release|Any CPU.Build.0 = Release|Any CPU
		{E01C48BC-9755-4771-887F-F94DF6FA7B39}.Release|x64.ActiveCfg = Release|Any CPU
		{E01C48BC-9755-4771-887F-F94DF6FA7B39}.Release|x64.Build.0 = Release|Any CPU
		{E01C48BC-9755-4771-887F-F94DF6FA7B39}.Release|x86.ActiveCfg = Release|Any CPU
		{E01C48BC-9755-4771-887F-F94DF6FA7B39}.Release|x86.Build.0 = Release|Any CPU
		{E01C48BC-9755-4771-887F-F94DF6FA7B39}.Unity|Any CPU.ActiveCfg = Debug|Any CPU
		{E01C48BC-9755-4771-887F-F94DF6FA7B39}.Unity|Any CPU.Build.0 = Debug|Any CPU
		{E01C48BC-9755-4771-887F-F94DF6FA7B39}.Unity|x64.ActiveCfg = Unity|Any CPU
		{E01C48BC-9755-4771-887F-F94DF6FA7B39}.Unity|x64.Build.0 = Unity|Any CPU
		{E01C48BC-9755-4771-887F-F94DF6FA7B39}.Unity|x86.ActiveCfg = Unity|Any CPU
		{E01C48BC-9755-4771-887F-F94DF6FA7B39}.Unity|x86.Build.0 = Unity|Any CPU
		{B4777D2F-1963-4937-B293-4070ED44AF16}.Debug|Any CPU.ActiveCfg = Debug|Any CPU
		{B4777D2F-1963-4937-B293-4070ED44AF16}.Debug|Any CPU.Build.0 = Debug|Any CPU
		{B4777D2F-1963-4937-B293-4070ED44AF16}.Debug|x64.ActiveCfg = Debug|Any CPU
		{B4777D2F-1963-4937-B293-4070ED44AF16}.Debug|x64.Build.0 = Debug|Any CPU
		{B4777D2F-1963-4937-B293-4070ED44AF16}.Debug|x86.ActiveCfg = Debug|Any CPU
		{B4777D2F-1963-4937-B293-4070ED44AF16}.Debug|x86.Build.0 = Debug|Any CPU
		{B4777D2F-1963-4937-B293-4070ED44AF16}.Release|Any CPU.ActiveCfg = Release|Any CPU
		{B4777D2F-1963-4937-B293-4070ED44AF16}.Release|Any CPU.Build.0 = Release|Any CPU
		{B4777D2F-1963-4937-B293-4070ED44AF16}.Release|x64.ActiveCfg = Release|Any CPU
		{B4777D2F-1963-4937-B293-4070ED44AF16}.Release|x64.Build.0 = Release|Any CPU
		{B4777D2F-1963-4937-B293-4070ED44AF16}.Release|x86.ActiveCfg = Release|Any CPU
		{B4777D2F-1963-4937-B293-4070ED44AF16}.Release|x86.Build.0 = Release|Any CPU
		{B4777D2F-1963-4937-B293-4070ED44AF16}.Unity|Any CPU.ActiveCfg = Debug|Any CPU
		{B4777D2F-1963-4937-B293-4070ED44AF16}.Unity|Any CPU.Build.0 = Debug|Any CPU
		{B4777D2F-1963-4937-B293-4070ED44AF16}.Unity|x64.ActiveCfg = Unity|Any CPU
		{B4777D2F-1963-4937-B293-4070ED44AF16}.Unity|x64.Build.0 = Unity|Any CPU
		{B4777D2F-1963-4937-B293-4070ED44AF16}.Unity|x86.ActiveCfg = Unity|Any CPU
		{B4777D2F-1963-4937-B293-4070ED44AF16}.Unity|x86.Build.0 = Unity|Any CPU
		{0A658410-8B34-4017-B025-E6DE43583418}.Debug|Any CPU.ActiveCfg = Debug|Any CPU
		{0A658410-8B34-4017-B025-E6DE43583418}.Debug|Any CPU.Build.0 = Debug|Any CPU
		{0A658410-8B34-4017-B025-E6DE43583418}.Debug|x64.ActiveCfg = Debug|Any CPU
		{0A658410-8B34-4017-B025-E6DE43583418}.Debug|x64.Build.0 = Debug|Any CPU
		{0A658410-8B34-4017-B025-E6DE43583418}.Debug|x86.ActiveCfg = Debug|Any CPU
		{0A658410-8B34-4017-B025-E6DE43583418}.Debug|x86.Build.0 = Debug|Any CPU
		{0A658410-8B34-4017-B025-E6DE43583418}.Release|Any CPU.ActiveCfg = Release|Any CPU
		{0A658410-8B34-4017-B025-E6DE43583418}.Release|Any CPU.Build.0 = Release|Any CPU
		{0A658410-8B34-4017-B025-E6DE43583418}.Release|x64.ActiveCfg = Release|Any CPU
		{0A658410-8B34-4017-B025-E6DE43583418}.Release|x64.Build.0 = Release|Any CPU
		{0A658410-8B34-4017-B025-E6DE43583418}.Release|x86.ActiveCfg = Release|Any CPU
		{0A658410-8B34-4017-B025-E6DE43583418}.Release|x86.Build.0 = Release|Any CPU
		{0A658410-8B34-4017-B025-E6DE43583418}.Unity|Any CPU.ActiveCfg = Debug|Any CPU
		{0A658410-8B34-4017-B025-E6DE43583418}.Unity|Any CPU.Build.0 = Debug|Any CPU
		{0A658410-8B34-4017-B025-E6DE43583418}.Unity|x64.ActiveCfg = Debug|Any CPU
		{0A658410-8B34-4017-B025-E6DE43583418}.Unity|x64.Build.0 = Debug|Any CPU
		{0A658410-8B34-4017-B025-E6DE43583418}.Unity|x86.ActiveCfg = Debug|Any CPU
		{0A658410-8B34-4017-B025-E6DE43583418}.Unity|x86.Build.0 = Debug|Any CPU
		{23A424DB-5473-44D9-B805-15817F105FAD}.Debug|Any CPU.ActiveCfg = Debug|Any CPU
		{23A424DB-5473-44D9-B805-15817F105FAD}.Debug|Any CPU.Build.0 = Debug|Any CPU
		{23A424DB-5473-44D9-B805-15817F105FAD}.Debug|x64.ActiveCfg = Debug|Any CPU
		{23A424DB-5473-44D9-B805-15817F105FAD}.Debug|x64.Build.0 = Debug|Any CPU
		{23A424DB-5473-44D9-B805-15817F105FAD}.Debug|x86.ActiveCfg = Debug|Any CPU
		{23A424DB-5473-44D9-B805-15817F105FAD}.Debug|x86.Build.0 = Debug|Any CPU
		{23A424DB-5473-44D9-B805-15817F105FAD}.Release|Any CPU.ActiveCfg = Release|Any CPU
		{23A424DB-5473-44D9-B805-15817F105FAD}.Release|Any CPU.Build.0 = Release|Any CPU
		{23A424DB-5473-44D9-B805-15817F105FAD}.Release|x64.ActiveCfg = Release|Any CPU
		{23A424DB-5473-44D9-B805-15817F105FAD}.Release|x64.Build.0 = Release|Any CPU
		{23A424DB-5473-44D9-B805-15817F105FAD}.Release|x86.ActiveCfg = Release|Any CPU
		{23A424DB-5473-44D9-B805-15817F105FAD}.Release|x86.Build.0 = Release|Any CPU
		{23A424DB-5473-44D9-B805-15817F105FAD}.Unity|Any CPU.ActiveCfg = Unity|Any CPU
		{23A424DB-5473-44D9-B805-15817F105FAD}.Unity|Any CPU.Build.0 = Unity|Any CPU
		{23A424DB-5473-44D9-B805-15817F105FAD}.Unity|x64.ActiveCfg = Unity|Any CPU
		{23A424DB-5473-44D9-B805-15817F105FAD}.Unity|x64.Build.0 = Unity|Any CPU
		{23A424DB-5473-44D9-B805-15817F105FAD}.Unity|x86.ActiveCfg = Unity|Any CPU
		{23A424DB-5473-44D9-B805-15817F105FAD}.Unity|x86.Build.0 = Unity|Any CPU
		{2CB70450-6743-438F-9298-5CC563039B12}.Debug|Any CPU.ActiveCfg = Debug|Any CPU
		{2CB70450-6743-438F-9298-5CC563039B12}.Debug|Any CPU.Build.0 = Debug|Any CPU
		{2CB70450-6743-438F-9298-5CC563039B12}.Debug|x64.ActiveCfg = Debug|Any CPU
		{2CB70450-6743-438F-9298-5CC563039B12}.Debug|x64.Build.0 = Debug|Any CPU
		{2CB70450-6743-438F-9298-5CC563039B12}.Debug|x86.ActiveCfg = Debug|Any CPU
		{2CB70450-6743-438F-9298-5CC563039B12}.Debug|x86.Build.0 = Debug|Any CPU
		{2CB70450-6743-438F-9298-5CC563039B12}.Release|Any CPU.ActiveCfg = Release|Any CPU
		{2CB70450-6743-438F-9298-5CC563039B12}.Release|Any CPU.Build.0 = Release|Any CPU
		{2CB70450-6743-438F-9298-5CC563039B12}.Release|x64.ActiveCfg = Release|Any CPU
		{2CB70450-6743-438F-9298-5CC563039B12}.Release|x64.Build.0 = Release|Any CPU
		{2CB70450-6743-438F-9298-5CC563039B12}.Release|x86.ActiveCfg = Release|Any CPU
		{2CB70450-6743-438F-9298-5CC563039B12}.Release|x86.Build.0 = Release|Any CPU
		{2CB70450-6743-438F-9298-5CC563039B12}.Unity|Any CPU.ActiveCfg = Unity|Any CPU
		{2CB70450-6743-438F-9298-5CC563039B12}.Unity|Any CPU.Build.0 = Unity|Any CPU
		{2CB70450-6743-438F-9298-5CC563039B12}.Unity|x64.ActiveCfg = Unity|Any CPU
		{2CB70450-6743-438F-9298-5CC563039B12}.Unity|x64.Build.0 = Unity|Any CPU
		{2CB70450-6743-438F-9298-5CC563039B12}.Unity|x86.ActiveCfg = Unity|Any CPU
		{2CB70450-6743-438F-9298-5CC563039B12}.Unity|x86.Build.0 = Unity|Any CPU
	EndGlobalSection
	GlobalSection(SolutionProperties) = preSolution
		HideSolutionNode = FALSE
	EndGlobalSection
	GlobalSection(NestedProjects) = preSolution
		{302A6D19-FAB3-4107-81A3-64C4C41FACE9} = {E8E5F190-7CB5-415A-9C6E-3C99309CA67B}
		{16024BE2-0338-45B1-8ECC-2428B8BCFF3D} = {E8E5F190-7CB5-415A-9C6E-3C99309CA67B}
		{5E879107-49DA-4612-97A5-CFA94D6154D3} = {E8E5F190-7CB5-415A-9C6E-3C99309CA67B}
		{D5437F7D-63A3-4A7D-A12A-E1DBD785921D} = {E8E5F190-7CB5-415A-9C6E-3C99309CA67B}
		{E01C48BC-9755-4771-887F-F94DF6FA7B39} = {E8E5F190-7CB5-415A-9C6E-3C99309CA67B}
		{B4777D2F-1963-4937-B293-4070ED44AF16} = {E8E5F190-7CB5-415A-9C6E-3C99309CA67B}
		{23A424DB-5473-44D9-B805-15817F105FAD} = {4F52FD11-658E-A102-6CD3-7D7C16FFA15B}
		{2CB70450-6743-438F-9298-5CC563039B12} = {4F52FD11-658E-A102-6CD3-7D7C16FFA15B}
	EndGlobalSection
EndGlobal
