
Microsoft Visual Studio Solution File, Format Version 12.00
#
Project("{FAE04EC0-301F-11D3-BF4B-00C04F79EFBC}") = "BetrayalAtKrondor", "BetrayalAtKrondor\BetrayalAtKrondor.csproj", "{35A28250-6B40-483C-994D-40CB1D890AED}"
EndProject
Project("{FAE04EC0-301F-11D3-BF4B-00C04F79EFBC}") = "BetrayalAtKrondor.Tests", "BetrayalAtKrondor.Tests\BetrayalAtKrondor.Tests.csproj", "{F64FB93C-6AF4-4091-913F-47467F6A7E66}"
EndProject
Project("{FAE04EC0-301F-11D3-BF4B-00C04F79EFBC}") = "ResourceExtractor", "ResourceExtractor\ResourceExtractor.csproj", "{051DC5F5-4FB0-4A61-A563-CECA115996AA}"
EndProject
Project("{FAE04EC0-301F-11D3-BF4B-00C04F79EFBC}") = "GameData", "GameData\GameData.csproj", "{EF3571B6-E8BF-40E2-8F45-75C58C6F6212}"
EndProject
Project("{FAE04EC0-301F-11D3-BF4B-00C04F79EFBC}") = "ResourceExtraction", "ResourceExtraction\ResourceExtraction.csproj", "{64A3E094-2804-4BBB-BF09-261A5B369C7A}"
EndProject
Project("{FAE04EC0-301F-11D3-BF4B-00C04F79EFBC}") = "Spice86", "..\Spice86\src\Spice86\Spice86.csproj", "{302A6D19-FAB3-4107-81A3-64C4C41FACE9}"
EndProject
Project("{FAE04EC0-301F-11D3-BF4B-00C04F79EFBC}") = "Spice86.Core", "..\Spice86\src\Spice86.Core\Spice86.Core.csproj", "{16024BE2-0338-45B1-8ECC-2428B8BCFF3D}"
EndProject
Project("{FAE04EC0-301F-11D3-BF4B-00C04F79EFBC}") = "Spice86.Logging", "..\Spice86\src\Spice86.Logging\Spice86.Logging.csproj", "{5E879107-49DA-4612-97A5-CFA94D6154D3}"
EndProject
Project("{FAE04EC0-301F-11D3-BF4B-00C04F79EFBC}") = "Spice86.Shared", "..\Spice86\src\Spice86.Shared\Spice86.Shared.csproj", "{D5437F7D-63A3-4A7D-A12A-E1DBD785921D}"
EndProject
Project("{2150E333-8FDC-42A3-9474-1A3956D46DE8}") = "Spice86", "Spice86", "{E8E5F190-7CB5-415A-9C6E-3C99309CA67B}"
EndProject
Project("{FAE04EC0-301F-11D3-BF4B-00C04F79EFBC}") = "ResourceExtraction.Tests", "ResourceExtraction.Tests\ResourceExtraction.Tests.csproj", "{A4F9CC28-0F71-4320-9944-C3332A6BD36A}"
EndProject
Project("{FAE04EC0-301F-11D3-BF4B-00C04F79EFBC}") = "Spice86.Storage.Cd", "..\Spice86\src\Spice86.Storage.Cd\Spice86.Storage.Cd.csproj", "{E01C48BC-9755-4771-887F-F94DF6FA7B39}"
EndProject
Project("{FAE04EC0-301F-11D3-BF4B-00C04F79EFBC}") = "Spice86.Storage.Fat", "..\Spice86\src\Spice86.Storage.Fat\Spice86.Storage.Fat.csproj", "{B4777D2F-1963-4937-B293-4070ED44AF16}"
EndProject
Global
	GlobalSection(SolutionConfigurationPlatforms) = preSolution
		Debug|Any CPU = Debug|Any CPU
		Release|Any CPU = Release|Any CPU
		Unity|Any CPU = Unity|Any CPU
	EndGlobalSection
	GlobalSection(ProjectConfigurationPlatforms) = postSolution
		{35A28250-6B40-483C-994D-40CB1D890AED}.Debug|Any CPU.ActiveCfg = Debug|Any CPU
		{35A28250-6B40-483C-994D-40CB1D890AED}.Debug|Any CPU.Build.0 = Debug|Any CPU
		{35A28250-6B40-483C-994D-40CB1D890AED}.Release|Any CPU.ActiveCfg = Release|Any CPU
		{35A28250-6B40-483C-994D-40CB1D890AED}.Release|Any CPU.Build.0 = Release|Any CPU
		{F64FB93C-6AF4-4091-913F-47467F6A7E66}.Debug|Any CPU.ActiveCfg = Debug|Any CPU
		{F64FB93C-6AF4-4091-913F-47467F6A7E66}.Debug|Any CPU.Build.0 = Debug|Any CPU
		{F64FB93C-6AF4-4091-913F-47467F6A7E66}.Release|Any CPU.ActiveCfg = Release|Any CPU
		{F64FB93C-6AF4-4091-913F-47467F6A7E66}.Release|Any CPU.Build.0 = Release|Any CPU
		{051DC5F5-4FB0-4A61-A563-CECA115996AA}.Debug|Any CPU.ActiveCfg = Debug|Any CPU
		{051DC5F5-4FB0-4A61-A563-CECA115996AA}.Debug|Any CPU.Build.0 = Debug|Any CPU
		{051DC5F5-4FB0-4A61-A563-CECA115996AA}.Release|Any CPU.ActiveCfg = Release|Any CPU
		{051DC5F5-4FB0-4A61-A563-CECA115996AA}.Release|Any CPU.Build.0 = Release|Any CPU
		{EF3571B6-E8BF-40E2-8F45-75C58C6F6212}.Debug|Any CPU.ActiveCfg = Debug|Any CPU
		{EF3571B6-E8BF-40E2-8F45-75C58C6F6212}.Debug|Any CPU.Build.0 = Debug|Any CPU
		{EF3571B6-E8BF-40E2-8F45-75C58C6F6212}.Release|Any CPU.ActiveCfg = Release|Any CPU
		{EF3571B6-E8BF-40E2-8F45-75C58C6F6212}.Release|Any CPU.Build.0 = Release|Any CPU
		{EF3571B6-E8BF-40E2-8F45-75C58C6F6212}.Unity|Any CPU.ActiveCfg = Unity|Any CPU
		{EF3571B6-E8BF-40E2-8F45-75C58C6F6212}.Unity|Any CPU.Build.0 = Unity|Any CPU
		{64A3E094-2804-4BBB-BF09-261A5B369C7A}.Debug|Any CPU.ActiveCfg = Debug|Any CPU
		{64A3E094-2804-4BBB-BF09-261A5B369C7A}.Debug|Any CPU.Build.0 = Debug|Any CPU
		{64A3E094-2804-4BBB-BF09-261A5B369C7A}.Release|Any CPU.ActiveCfg = Release|Any CPU
		{64A3E094-2804-4BBB-BF09-261A5B369C7A}.Release|Any CPU.Build.0 = Release|Any CPU
		{64A3E094-2804-4BBB-BF09-261A5B369C7A}.Unity|Any CPU.ActiveCfg = Unity|Any CPU
		{64A3E094-2804-4BBB-BF09-261A5B369C7A}.Unity|Any CPU.Build.0 = Unity|Any CPU
		{302A6D19-FAB3-4107-81A3-64C4C41FACE9}.Release|Any CPU.ActiveCfg = Release|Any CPU
		{302A6D19-FAB3-4107-81A3-64C4C41FACE9}.Release|Any CPU.Build.0 = Release|Any CPU
		{302A6D19-FAB3-4107-81A3-64C4C41FACE9}.Unity|Any CPU.ActiveCfg = Debug|Any CPU
		{302A6D19-FAB3-4107-81A3-64C4C41FACE9}.Unity|Any CPU.Build.0 = Debug|Any CPU
		{302A6D19-FAB3-4107-81A3-64C4C41FACE9}.Debug|Any CPU.ActiveCfg = Release|Any CPU
		{302A6D19-FAB3-4107-81A3-64C4C41FACE9}.Debug|Any CPU.Build.0 = Release|Any CPU
		{16024BE2-0338-45B1-8ECC-2428B8BCFF3D}.Release|Any CPU.ActiveCfg = Release|Any CPU
		{16024BE2-0338-45B1-8ECC-2428B8BCFF3D}.Release|Any CPU.Build.0 = Release|Any CPU
		{16024BE2-0338-45B1-8ECC-2428B8BCFF3D}.Unity|Any CPU.ActiveCfg = Debug|Any CPU
		{16024BE2-0338-45B1-8ECC-2428B8BCFF3D}.Unity|Any CPU.Build.0 = Debug|Any CPU
		{16024BE2-0338-45B1-8ECC-2428B8BCFF3D}.Debug|Any CPU.ActiveCfg = Release|Any CPU
		{16024BE2-0338-45B1-8ECC-2428B8BCFF3D}.Debug|Any CPU.Build.0 = Release|Any CPU
		{5E879107-49DA-4612-97A5-CFA94D6154D3}.Release|Any CPU.ActiveCfg = Release|Any CPU
		{5E879107-49DA-4612-97A5-CFA94D6154D3}.Release|Any CPU.Build.0 = Release|Any CPU
		{5E879107-49DA-4612-97A5-CFA94D6154D3}.Unity|Any CPU.ActiveCfg = Debug|Any CPU
		{5E879107-49DA-4612-97A5-CFA94D6154D3}.Unity|Any CPU.Build.0 = Debug|Any CPU
		{5E879107-49DA-4612-97A5-CFA94D6154D3}.Debug|Any CPU.ActiveCfg = Release|Any CPU
		{5E879107-49DA-4612-97A5-CFA94D6154D3}.Debug|Any CPU.Build.0 = Release|Any CPU
		{D5437F7D-63A3-4A7D-A12A-E1DBD785921D}.Release|Any CPU.ActiveCfg = Release|Any CPU
		{D5437F7D-63A3-4A7D-A12A-E1DBD785921D}.Release|Any CPU.Build.0 = Release|Any CPU
		{D5437F7D-63A3-4A7D-A12A-E1DBD785921D}.Unity|Any CPU.ActiveCfg = Debug|Any CPU
		{D5437F7D-63A3-4A7D-A12A-E1DBD785921D}.Unity|Any CPU.Build.0 = Debug|Any CPU
		{D5437F7D-63A3-4A7D-A12A-E1DBD785921D}.Debug|Any CPU.ActiveCfg = Release|Any CPU
		{D5437F7D-63A3-4A7D-A12A-E1DBD785921D}.Debug|Any CPU.Build.0 = Release|Any CPU
		{A4F9CC28-0F71-4320-9944-C3332A6BD36A}.Debug|Any CPU.ActiveCfg = Debug|Any CPU
		{A4F9CC28-0F71-4320-9944-C3332A6BD36A}.Debug|Any CPU.Build.0 = Debug|Any CPU
		{A4F9CC28-0F71-4320-9944-C3332A6BD36A}.Release|Any CPU.ActiveCfg = Release|Any CPU
		{A4F9CC28-0F71-4320-9944-C3332A6BD36A}.Release|Any CPU.Build.0 = Release|Any CPU
		{A4F9CC28-0F71-4320-9944-C3332A6BD36A}.Unity|Any CPU.ActiveCfg = Debug|Any CPU
		{A4F9CC28-0F71-4320-9944-C3332A6BD36A}.Unity|Any CPU.Build.0 = Debug|Any CPU
		{E01C48BC-9755-4771-887F-F94DF6FA7B39}.Debug|Any CPU.ActiveCfg = Debug|Any CPU
		{E01C48BC-9755-4771-887F-F94DF6FA7B39}.Debug|Any CPU.Build.0 = Debug|Any CPU
		{E01C48BC-9755-4771-887F-F94DF6FA7B39}.Release|Any CPU.ActiveCfg = Release|Any CPU
		{E01C48BC-9755-4771-887F-F94DF6FA7B39}.Release|Any CPU.Build.0 = Release|Any CPU
		{E01C48BC-9755-4771-887F-F94DF6FA7B39}.Unity|Any CPU.ActiveCfg = Debug|Any CPU
		{E01C48BC-9755-4771-887F-F94DF6FA7B39}.Unity|Any CPU.Build.0 = Debug|Any CPU
		{B4777D2F-1963-4937-B293-4070ED44AF16}.Debug|Any CPU.ActiveCfg = Debug|Any CPU
		{B4777D2F-1963-4937-B293-4070ED44AF16}.Debug|Any CPU.Build.0 = Debug|Any CPU
		{B4777D2F-1963-4937-B293-4070ED44AF16}.Release|Any CPU.ActiveCfg = Release|Any CPU
		{B4777D2F-1963-4937-B293-4070ED44AF16}.Release|Any CPU.Build.0 = Release|Any CPU
		{B4777D2F-1963-4937-B293-4070ED44AF16}.Unity|Any CPU.ActiveCfg = Debug|Any CPU
		{B4777D2F-1963-4937-B293-4070ED44AF16}.Unity|Any CPU.Build.0 = Debug|Any CPU
	EndGlobalSection
	GlobalSection(NestedProjects) = preSolution
		{302A6D19-FAB3-4107-81A3-64C4C41FACE9} = {E8E5F190-7CB5-415A-9C6E-3C99309CA67B}
		{16024BE2-0338-45B1-8ECC-2428B8BCFF3D} = {E8E5F190-7CB5-415A-9C6E-3C99309CA67B}
		{5E879107-49DA-4612-97A5-CFA94D6154D3} = {E8E5F190-7CB5-415A-9C6E-3C99309CA67B}
		{D5437F7D-63A3-4A7D-A12A-E1DBD785921D} = {E8E5F190-7CB5-415A-9C6E-3C99309CA67B}
		{E01C48BC-9755-4771-887F-F94DF6FA7B39} = {E8E5F190-7CB5-415A-9C6E-3C99309CA67B}
		{B4777D2F-1963-4937-B293-4070ED44AF16} = {E8E5F190-7CB5-415A-9C6E-3C99309CA67B}
	EndGlobalSection
EndGlobal
